
Microsoft Visual Studio Solution File, Format Version 12.00
# Visual Studio 15
VisualStudioVersion = 15.0.27130.2027
MinimumVisualStudioVersion = 10.0.40219.1
Project("{9A19103F-16F7-4668-BE54-9A1E7A4F7556}") = "ByBitClientLib", "ByBit Client\ByBitClientLib.csproj", "{5FF5E22B-F7A7-43E4-986F-07C0AE1C3D84}"
EndProject
Project("{9A19103F-16F7-4668-BE54-9A1E7A4F7556}") = "ByBitClientTest", "ByBitClientTest\ByBitClientTest.csproj", "{996BCF59-655A-489D-B10F-BF0B48F4B5EB}"
EndProject
Project("{FAE04EC0-301F-11D3-BF4B-00C04F79EFBC}") = "ByBytApiSchemaExplorer", "ByBytApiSchemaExplorer\ByBytApiSchemaExplorer.csproj", "{8DDCE76D-950D-4B1B-869E-7CFD668AD90D}"
EndProject
Global
	GlobalSection(SolutionConfigurationPlatforms) = preSolution
		Debug|Any CPU = Debug|Any CPU
		Release|Any CPU = Release|Any CPU
	EndGlobalSection
	GlobalSection(ProjectConfigurationPlatforms) = postSolution
		{5FF5E22B-F7A7-43E4-986F-07C0AE1C3D84}.Debug|Any CPU.ActiveCfg = Debug|Any CPU
		{5FF5E22B-F7A7-43E4-986F-07C0AE1C3D84}.Debug|Any CPU.Build.0 = Debug|Any CPU
		{5FF5E22B-F7A7-43E4-986F-07C0AE1C3D84}.Release|Any CPU.ActiveCfg = Release|Any CPU
		{5FF5E22B-F7A7-43E4-986F-07C0AE1C3D84}.Release|Any CPU.Build.0 = Release|Any CPU
		{996BCF59-655A-489D-B10F-BF0B48F4B5EB}.Debug|Any CPU.ActiveCfg = Debug|Any CPU
		{996BCF59-655A-489D-B10F-BF0B48F4B5EB}.Debug|Any CPU.Build.0 = Debug|Any CPU
		{996BCF59-655A-489D-B10F-BF0B48F4B5EB}.Release|Any CPU.ActiveCfg = Release|Any CPU
		{996BCF59-655A-489D-B10F-BF0B48F4B5EB}.Release|Any CPU.Build.0 = Release|Any CPU
		{8DDCE76D-950D-4B1B-869E-7CFD668AD90D}.Debug|Any CPU.ActiveCfg = Debug|Any CPU
		{8DDCE76D-950D-4B1B-869E-7CFD668AD90D}.Debug|Any CPU.Build.0 = Debug|Any CPU
		{8DDCE76D-950D-4B1B-869E-7CFD668AD90D}.Release|Any CPU.ActiveCfg = Release|Any CPU
		{8DDCE76D-950D-4B1B-869E-7CFD668AD90D}.Release|Any CPU.Build.0 = Release|Any CPU
	EndGlobalSection
	GlobalSection(SolutionProperties) = preSolution
		HideSolutionNode = FALSE
	EndGlobalSection
	GlobalSection(ExtensibilityGlobals) = postSolution
		SolutionGuid = {6AC0EB6D-B8AE-493B-B830-7809DC2BB991}
	EndGlobalSection
EndGlobal
